// !$*UTF8*$!
{
	archiveVersion = 1;
	classes = {
	};
	objectVersion = 46;
	objects = {

/* Begin PBXBuildFile section */
		7DC925805AF00D7796E6EF82 /* libPods.a in Frameworks */ = {isa = PBXBuildFile; fileRef = FD118F2B4D80F2FAF51A92F5 /* libPods.a */; };
		D308A2741CCDFEAB002D512F /* LeftViewController.m in Sources */ = {isa = PBXBuildFile; fileRef = D308A2731CCDFEAB002D512F /* LeftViewController.m */; };
		D31F52901CC5C984001F993F /* TableViewController.m in Sources */ = {isa = PBXBuildFile; fileRef = D31F528F1CC5C984001F993F /* TableViewController.m */; };
		D31F52931CC5C9EA001F993F /* TableViewCell.m in Sources */ = {isa = PBXBuildFile; fileRef = D31F52921CC5C9EA001F993F /* TableViewCell.m */; };
		D31F52991CC5CEA0001F993F /* SigninViewController.m in Sources */ = {isa = PBXBuildFile; fileRef = D31F52981CC5CEA0001F993F /* SigninViewController.m */; };
		D31F529C1CC5CEC7001F993F /* registerViewController.m in Sources */ = {isa = PBXBuildFile; fileRef = D31F529B1CC5CEC7001F993F /* registerViewController.m */; };
		D31F52A21CC63FDC001F993F /* PostViewController.m in Sources */ = {isa = PBXBuildFile; fileRef = D31F52A11CC63FDC001F993F /* PostViewController.m */; };
		D36671711CCCAD160099F080 /* PublishViewController.m in Sources */ = {isa = PBXBuildFile; fileRef = D36671701CCCAD160099F080 /* PublishViewController.m */; };
		D387E9881CCB640900C44E8B /* MywaresTableViewController.m in Sources */ = {isa = PBXBuildFile; fileRef = D387E9871CCB640900C44E8B /* MywaresTableViewController.m */; };
		D387E98B1CCB64C700C44E8B /* MywaresTableViewCell.m in Sources */ = {isa = PBXBuildFile; fileRef = D387E98A1CCB64C700C44E8B /* MywaresTableViewCell.m */; };
		D387E98E1CCB664400C44E8B /* MypointsViewController.m in Sources */ = {isa = PBXBuildFile; fileRef = D387E98D1CCB664400C44E8B /* MypointsViewController.m */; };
		D389EAA71CCEF7520029EEE7 /* PersonalViewController.m in Sources */ = {isa = PBXBuildFile; fileRef = D389EAA61CCEF7520029EEE7 /* PersonalViewController.m */; };
		D389EAAA1CCEF7B80029EEE7 /* PersonalTableViewCell.m in Sources */ = {isa = PBXBuildFile; fileRef = D389EAA91CCEF7B80029EEE7 /* PersonalTableViewCell.m */; };
		D389EAAD1CCF14E70029EEE7 /* ShoppingViewController.m in Sources */ = {isa = PBXBuildFile; fileRef = D389EAAC1CCF14E70029EEE7 /* ShoppingViewController.m */; };
		D38DEE7D1CCA2BA500B46E96 /* dynamicTableViewCell.m in Sources */ = {isa = PBXBuildFile; fileRef = D38DEE7C1CCA2BA500B46E96 /* dynamicTableViewCell.m */; };
		E749D8691CC20F5000FAEFB5 /* main.m in Sources */ = {isa = PBXBuildFile; fileRef = E749D8681CC20F5000FAEFB5 /* main.m */; };
		E749D86C1CC20F5000FAEFB5 /* AppDelegate.m in Sources */ = {isa = PBXBuildFile; fileRef = E749D86B1CC20F5000FAEFB5 /* AppDelegate.m */; };
		E749D86F1CC20F5000FAEFB5 /* ViewController.m in Sources */ = {isa = PBXBuildFile; fileRef = E749D86E1CC20F5000FAEFB5 /* ViewController.m */; };
		E749D8721CC20F5000FAEFB5 /* Main.storyboard in Resources */ = {isa = PBXBuildFile; fileRef = E749D8701CC20F5000FAEFB5 /* Main.storyboard */; };
		E749D8751CC20F5000FAEFB5 /* DayLine.xcdatamodeld in Sources */ = {isa = PBXBuildFile; fileRef = E749D8731CC20F5000FAEFB5 /* DayLine.xcdatamodeld */; };
		E749D8771CC20F5000FAEFB5 /* Assets.xcassets in Resources */ = {isa = PBXBuildFile; fileRef = E749D8761CC20F5000FAEFB5 /* Assets.xcassets */; };
		E749D87A1CC20F5000FAEFB5 /* LaunchScreen.storyboard in Resources */ = {isa = PBXBuildFile; fileRef = E749D8781CC20F5000FAEFB5 /* LaunchScreen.storyboard */; };
		E749D8851CC20F5100FAEFB5 /* DayLineTests.m in Sources */ = {isa = PBXBuildFile; fileRef = E749D8841CC20F5100FAEFB5 /* DayLineTests.m */; };
		E749D8901CC20F5100FAEFB5 /* DayLineUITests.m in Sources */ = {isa = PBXBuildFile; fileRef = E749D88F1CC20F5100FAEFB5 /* DayLineUITests.m */; };
		E749D8A71CC21ACB00FAEFB5 /* StorageMgr.m in Sources */ = {isa = PBXBuildFile; fileRef = E749D8A41CC21ACB00FAEFB5 /* StorageMgr.m */; };
		E749D8A81CC21ACB00FAEFB5 /* Utilities.m in Sources */ = {isa = PBXBuildFile; fileRef = E749D8A61CC21ACB00FAEFB5 /* Utilities.m */; };
		E749D8AB1CC21BF300FAEFB5 /* Bolts.framework in Frameworks */ = {isa = PBXBuildFile; fileRef = E749D8AA1CC21BF300FAEFB5 /* Bolts.framework */; };
		E749D8AD1CC21C0300FAEFB5 /* Parse.framework in Frameworks */ = {isa = PBXBuildFile; fileRef = E749D8AC1CC21C0300FAEFB5 /* Parse.framework */; };
		E749D8AF1CC21C2900FAEFB5 /* AudioToolbox.framework in Frameworks */ = {isa = PBXBuildFile; fileRef = E749D8AE1CC21C2900FAEFB5 /* AudioToolbox.framework */; };
		E749D8B11CC21C3500FAEFB5 /* SystemConfiguration.framework in Frameworks */ = {isa = PBXBuildFile; fileRef = E749D8B01CC21C3500FAEFB5 /* SystemConfiguration.framework */; };
		E749D8B31CC21C4C00FAEFB5 /* libsqlite3.tbd in Frameworks */ = {isa = PBXBuildFile; fileRef = E749D8B21CC21C4C00FAEFB5 /* libsqlite3.tbd */; };
		E749D8B51CC21C5F00FAEFB5 /* Social.framework in Frameworks */ = {isa = PBXBuildFile; fileRef = E749D8B41CC21C5F00FAEFB5 /* Social.framework */; };
		E749D8B71CC21C7000FAEFB5 /* Accounts.framework in Frameworks */ = {isa = PBXBuildFile; fileRef = E749D8B61CC21C7000FAEFB5 /* Accounts.framework */; };
		E749D8B91CC21C8300FAEFB5 /* CoreLocation.framework in Frameworks */ = {isa = PBXBuildFile; fileRef = E749D8B81CC21C8300FAEFB5 /* CoreLocation.framework */; };
		E749D8BB1CC21C9000FAEFB5 /* StoreKit.framework in Frameworks */ = {isa = PBXBuildFile; fileRef = E749D8BA1CC21C9000FAEFB5 /* StoreKit.framework */; };
		E749D8C31CC21F9200FAEFB5 /* AppAPIClient.m in Sources */ = {isa = PBXBuildFile; fileRef = E749D8BE1CC21F9200FAEFB5 /* AppAPIClient.m */; };
		E749D8C41CC21F9200FAEFB5 /* NSData+Base64.m in Sources */ = {isa = PBXBuildFile; fileRef = E749D8C01CC21F9200FAEFB5 /* NSData+Base64.m */; };
		E749D8C51CC21F9200FAEFB5 /* NSString+Crypt.m in Sources */ = {isa = PBXBuildFile; fileRef = E749D8C21CC21F9200FAEFB5 /* NSString+Crypt.m */; };
		E749D8C81CC2204800FAEFB5 /* RequestAPI.m in Sources */ = {isa = PBXBuildFile; fileRef = E749D8C71CC2204800FAEFB5 /* RequestAPI.m */; };
		E749D8CA1CC2249400FAEFB5 /* Openssl.framework in Frameworks */ = {isa = PBXBuildFile; fileRef = E749D8C91CC2249400FAEFB5 /* Openssl.framework */; };
		E749D8D01CC2258800FAEFB5 /* BasicEncodingRules.m in Sources */ = {isa = PBXBuildFile; fileRef = E749D8CF1CC2258800FAEFB5 /* BasicEncodingRules.m */; };
		E7760CBD1CC9C9EE008C7005 /* Banner.m in Sources */ = {isa = PBXBuildFile; fileRef = E7760CBA1CC9C9EE008C7005 /* Banner.m */; };
		E7760CBE1CC9C9EE008C7005 /* Timer.m in Sources */ = {isa = PBXBuildFile; fileRef = E7760CBC1CC9C9EE008C7005 /* Timer.m */; };
		E7760CC11CCA3DEB008C7005 /* ActivityObject.m in Sources */ = {isa = PBXBuildFile; fileRef = E7760CC01CCA3DEB008C7005 /* ActivityObject.m */; };
		E7A16BE61CCDFA8B005034ED /* UIKit.framework in Frameworks */ = {isa = PBXBuildFile; fileRef = E7A16BE51CCDFA8B005034ED /* UIKit.framework */; };
/* End PBXBuildFile section */

/* Begin PBXContainerItemProxy section */
		E749D8811CC20F5100FAEFB5 /* PBXContainerItemProxy */ = {
			isa = PBXContainerItemProxy;
			containerPortal = E749D85C1CC20F5000FAEFB5 /* Project object */;
			proxyType = 1;
			remoteGlobalIDString = E749D8631CC20F5000FAEFB5;
			remoteInfo = DayLine;
		};
		E749D88C1CC20F5100FAEFB5 /* PBXContainerItemProxy */ = {
			isa = PBXContainerItemProxy;
			containerPortal = E749D85C1CC20F5000FAEFB5 /* Project object */;
			proxyType = 1;
			remoteGlobalIDString = E749D8631CC20F5000FAEFB5;
			remoteInfo = DayLine;
		};
/* End PBXContainerItemProxy section */

/* Begin PBXFileReference section */
		56DA5F47ED637FF2B86F03CF /* Pods.release.xcconfig */ = {isa = PBXFileReference; includeInIndex = 1; lastKnownFileType = text.xcconfig; name = Pods.release.xcconfig; path = "Pods/Target Support Files/Pods/Pods.release.xcconfig"; sourceTree = "<group>"; };
		AED356881DDBA86B7BC809CD /* Pods.debug.xcconfig */ = {isa = PBXFileReference; includeInIndex = 1; lastKnownFileType = text.xcconfig; name = Pods.debug.xcconfig; path = "Pods/Target Support Files/Pods/Pods.debug.xcconfig"; sourceTree = "<group>"; };
		D308A2721CCDFEAB002D512F /* LeftViewController.h */ = {isa = PBXFileReference; fileEncoding = 4; lastKnownFileType = sourcecode.c.h; path = LeftViewController.h; sourceTree = "<group>"; };
		D308A2731CCDFEAB002D512F /* LeftViewController.m */ = {isa = PBXFileReference; fileEncoding = 4; lastKnownFileType = sourcecode.c.objc; path = LeftViewController.m; sourceTree = "<group>"; };
		D31F528E1CC5C984001F993F /* TableViewController.h */ = {isa = PBXFileReference; fileEncoding = 4; lastKnownFileType = sourcecode.c.h; path = TableViewController.h; sourceTree = "<group>"; };
		D31F528F1CC5C984001F993F /* TableViewController.m */ = {isa = PBXFileReference; fileEncoding = 4; lastKnownFileType = sourcecode.c.objc; path = TableViewController.m; sourceTree = "<group>"; };
		D31F52911CC5C9EA001F993F /* TableViewCell.h */ = {isa = PBXFileReference; fileEncoding = 4; lastKnownFileType = sourcecode.c.h; path = TableViewCell.h; sourceTree = "<group>"; };
		D31F52921CC5C9EA001F993F /* TableViewCell.m */ = {isa = PBXFileReference; fileEncoding = 4; lastKnownFileType = sourcecode.c.objc; path = TableViewCell.m; sourceTree = "<group>"; };
		D31F52971CC5CEA0001F993F /* SigninViewController.h */ = {isa = PBXFileReference; fileEncoding = 4; lastKnownFileType = sourcecode.c.h; path = SigninViewController.h; sourceTree = "<group>"; };
		D31F52981CC5CEA0001F993F /* SigninViewController.m */ = {isa = PBXFileReference; fileEncoding = 4; lastKnownFileType = sourcecode.c.objc; path = SigninViewController.m; sourceTree = "<group>"; };
		D31F529A1CC5CEC7001F993F /* registerViewController.h */ = {isa = PBXFileReference; fileEncoding = 4; lastKnownFileType = sourcecode.c.h; path = registerViewController.h; sourceTree = "<group>"; };
		D31F529B1CC5CEC7001F993F /* registerViewController.m */ = {isa = PBXFileReference; fileEncoding = 4; lastKnownFileType = sourcecode.c.objc; path = registerViewController.m; sourceTree = "<group>"; };
		D31F52A01CC63FDC001F993F /* PostViewController.h */ = {isa = PBXFileReference; fileEncoding = 4; lastKnownFileType = sourcecode.c.h; path = PostViewController.h; sourceTree = "<group>"; };
		D31F52A11CC63FDC001F993F /* PostViewController.m */ = {isa = PBXFileReference; fileEncoding = 4; lastKnownFileType = sourcecode.c.objc; path = PostViewController.m; sourceTree = "<group>"; };
		D366716F1CCCAD160099F080 /* PublishViewController.h */ = {isa = PBXFileReference; fileEncoding = 4; lastKnownFileType = sourcecode.c.h; path = PublishViewController.h; sourceTree = "<group>"; };
		D36671701CCCAD160099F080 /* PublishViewController.m */ = {isa = PBXFileReference; fileEncoding = 4; lastKnownFileType = sourcecode.c.objc; path = PublishViewController.m; sourceTree = "<group>"; };
		D387E9861CCB640900C44E8B /* MywaresTableViewController.h */ = {isa = PBXFileReference; fileEncoding = 4; lastKnownFileType = sourcecode.c.h; path = MywaresTableViewController.h; sourceTree = "<group>"; };
		D387E9871CCB640900C44E8B /* MywaresTableViewController.m */ = {isa = PBXFileReference; fileEncoding = 4; lastKnownFileType = sourcecode.c.objc; path = MywaresTableViewController.m; sourceTree = "<group>"; };
		D387E9891CCB64C700C44E8B /* MywaresTableViewCell.h */ = {isa = PBXFileReference; fileEncoding = 4; lastKnownFileType = sourcecode.c.h; path = MywaresTableViewCell.h; sourceTree = "<group>"; };
		D387E98A1CCB64C700C44E8B /* MywaresTableViewCell.m */ = {isa = PBXFileReference; fileEncoding = 4; lastKnownFileType = sourcecode.c.objc; path = MywaresTableViewCell.m; sourceTree = "<group>"; };
		D387E98C1CCB664400C44E8B /* MypointsViewController.h */ = {isa = PBXFileReference; fileEncoding = 4; lastKnownFileType = sourcecode.c.h; path = MypointsViewController.h; sourceTree = "<group>"; };
		D387E98D1CCB664400C44E8B /* MypointsViewController.m */ = {isa = PBXFileReference; fileEncoding = 4; lastKnownFileType = sourcecode.c.objc; path = MypointsViewController.m; sourceTree = "<group>"; };
		D389EAA51CCEF7520029EEE7 /* PersonalViewController.h */ = {isa = PBXFileReference; fileEncoding = 4; lastKnownFileType = sourcecode.c.h; path = PersonalViewController.h; sourceTree = "<group>"; };
		D389EAA61CCEF7520029EEE7 /* PersonalViewController.m */ = {isa = PBXFileReference; fileEncoding = 4; lastKnownFileType = sourcecode.c.objc; path = PersonalViewController.m; sourceTree = "<group>"; };
		D389EAA81CCEF7B80029EEE7 /* PersonalTableViewCell.h */ = {isa = PBXFileReference; fileEncoding = 4; lastKnownFileType = sourcecode.c.h; path = PersonalTableViewCell.h; sourceTree = "<group>"; };
		D389EAA91CCEF7B80029EEE7 /* PersonalTableViewCell.m */ = {isa = PBXFileReference; fileEncoding = 4; lastKnownFileType = sourcecode.c.objc; path = PersonalTableViewCell.m; sourceTree = "<group>"; };
		D389EAAB1CCF14E70029EEE7 /* ShoppingViewController.h */ = {isa = PBXFileReference; fileEncoding = 4; lastKnownFileType = sourcecode.c.h; path = ShoppingViewController.h; sourceTree = "<group>"; };
		D389EAAC1CCF14E70029EEE7 /* ShoppingViewController.m */ = {isa = PBXFileReference; fileEncoding = 4; lastKnownFileType = sourcecode.c.objc; path = ShoppingViewController.m; sourceTree = "<group>"; };
		D38DEE7B1CCA2BA500B46E96 /* dynamicTableViewCell.h */ = {isa = PBXFileReference; fileEncoding = 4; lastKnownFileType = sourcecode.c.h; path = dynamicTableViewCell.h; sourceTree = "<group>"; };
		D38DEE7C1CCA2BA500B46E96 /* dynamicTableViewCell.m */ = {isa = PBXFileReference; fileEncoding = 4; lastKnownFileType = sourcecode.c.objc; path = dynamicTableViewCell.m; sourceTree = "<group>"; };
		E749D8641CC20F5000FAEFB5 /* DayLine.app */ = {isa = PBXFileReference; explicitFileType = wrapper.application; includeInIndex = 0; path = DayLine.app; sourceTree = BUILT_PRODUCTS_DIR; };
		E749D8681CC20F5000FAEFB5 /* main.m */ = {isa = PBXFileReference; lastKnownFileType = sourcecode.c.objc; path = main.m; sourceTree = "<group>"; };
		E749D86A1CC20F5000FAEFB5 /* AppDelegate.h */ = {isa = PBXFileReference; lastKnownFileType = sourcecode.c.h; path = AppDelegate.h; sourceTree = "<group>"; };
		E749D86B1CC20F5000FAEFB5 /* AppDelegate.m */ = {isa = PBXFileReference; lastKnownFileType = sourcecode.c.objc; path = AppDelegate.m; sourceTree = "<group>"; };
		E749D86D1CC20F5000FAEFB5 /* ViewController.h */ = {isa = PBXFileReference; lastKnownFileType = sourcecode.c.h; path = ViewController.h; sourceTree = "<group>"; };
		E749D86E1CC20F5000FAEFB5 /* ViewController.m */ = {isa = PBXFileReference; lastKnownFileType = sourcecode.c.objc; path = ViewController.m; sourceTree = "<group>"; };
		E749D8711CC20F5000FAEFB5 /* Base */ = {isa = PBXFileReference; lastKnownFileType = file.storyboard; name = Base; path = Base.lproj/Main.storyboard; sourceTree = "<group>"; };
		E749D8741CC20F5000FAEFB5 /* DayLine.xcdatamodel */ = {isa = PBXFileReference; lastKnownFileType = wrapper.xcdatamodel; path = DayLine.xcdatamodel; sourceTree = "<group>"; };
		E749D8761CC20F5000FAEFB5 /* Assets.xcassets */ = {isa = PBXFileReference; lastKnownFileType = folder.assetcatalog; path = Assets.xcassets; sourceTree = "<group>"; };
		E749D8791CC20F5000FAEFB5 /* Base */ = {isa = PBXFileReference; lastKnownFileType = file.storyboard; name = Base; path = Base.lproj/LaunchScreen.storyboard; sourceTree = "<group>"; };
		E749D87B1CC20F5000FAEFB5 /* Info.plist */ = {isa = PBXFileReference; lastKnownFileType = text.plist.xml; path = Info.plist; sourceTree = "<group>"; };
		E749D8801CC20F5100FAEFB5 /* DayLineTests.xctest */ = {isa = PBXFileReference; explicitFileType = wrapper.cfbundle; includeInIndex = 0; path = DayLineTests.xctest; sourceTree = BUILT_PRODUCTS_DIR; };
		E749D8841CC20F5100FAEFB5 /* DayLineTests.m */ = {isa = PBXFileReference; lastKnownFileType = sourcecode.c.objc; path = DayLineTests.m; sourceTree = "<group>"; };
		E749D8861CC20F5100FAEFB5 /* Info.plist */ = {isa = PBXFileReference; lastKnownFileType = text.plist.xml; path = Info.plist; sourceTree = "<group>"; };
		E749D88B1CC20F5100FAEFB5 /* DayLineUITests.xctest */ = {isa = PBXFileReference; explicitFileType = wrapper.cfbundle; includeInIndex = 0; path = DayLineUITests.xctest; sourceTree = BUILT_PRODUCTS_DIR; };
		E749D88F1CC20F5100FAEFB5 /* DayLineUITests.m */ = {isa = PBXFileReference; lastKnownFileType = sourcecode.c.objc; path = DayLineUITests.m; sourceTree = "<group>"; };
		E749D8911CC20F5100FAEFB5 /* Info.plist */ = {isa = PBXFileReference; lastKnownFileType = text.plist.xml; path = Info.plist; sourceTree = "<group>"; };
		E749D8A31CC21ACB00FAEFB5 /* StorageMgr.h */ = {isa = PBXFileReference; fileEncoding = 4; lastKnownFileType = sourcecode.c.h; path = StorageMgr.h; sourceTree = "<group>"; };
		E749D8A41CC21ACB00FAEFB5 /* StorageMgr.m */ = {isa = PBXFileReference; fileEncoding = 4; lastKnownFileType = sourcecode.c.objc; path = StorageMgr.m; sourceTree = "<group>"; };
		E749D8A51CC21ACB00FAEFB5 /* Utilities.h */ = {isa = PBXFileReference; fileEncoding = 4; lastKnownFileType = sourcecode.c.h; path = Utilities.h; sourceTree = "<group>"; };
		E749D8A61CC21ACB00FAEFB5 /* Utilities.m */ = {isa = PBXFileReference; fileEncoding = 4; lastKnownFileType = sourcecode.c.objc; path = Utilities.m; sourceTree = "<group>"; };
		E749D8A91CC21B4000FAEFB5 /* Constants.h */ = {isa = PBXFileReference; lastKnownFileType = sourcecode.c.h; path = Constants.h; sourceTree = "<group>"; };
		E749D8AA1CC21BF300FAEFB5 /* Bolts.framework */ = {isa = PBXFileReference; lastKnownFileType = wrapper.framework; name = Bolts.framework; path = DayLine/Bolts.framework; sourceTree = "<group>"; };
		E749D8AC1CC21C0300FAEFB5 /* Parse.framework */ = {isa = PBXFileReference; lastKnownFileType = wrapper.framework; name = Parse.framework; path = DayLine/Parse.framework; sourceTree = "<group>"; };
		E749D8AE1CC21C2900FAEFB5 /* AudioToolbox.framework */ = {isa = PBXFileReference; lastKnownFileType = wrapper.framework; name = AudioToolbox.framework; path = System/Library/Frameworks/AudioToolbox.framework; sourceTree = SDKROOT; };
		E749D8B01CC21C3500FAEFB5 /* SystemConfiguration.framework */ = {isa = PBXFileReference; lastKnownFileType = wrapper.framework; name = SystemConfiguration.framework; path = System/Library/Frameworks/SystemConfiguration.framework; sourceTree = SDKROOT; };
		E749D8B21CC21C4C00FAEFB5 /* libsqlite3.tbd */ = {isa = PBXFileReference; lastKnownFileType = "sourcecode.text-based-dylib-definition"; name = libsqlite3.tbd; path = usr/lib/libsqlite3.tbd; sourceTree = SDKROOT; };
		E749D8B41CC21C5F00FAEFB5 /* Social.framework */ = {isa = PBXFileReference; lastKnownFileType = wrapper.framework; name = Social.framework; path = System/Library/Frameworks/Social.framework; sourceTree = SDKROOT; };
		E749D8B61CC21C7000FAEFB5 /* Accounts.framework */ = {isa = PBXFileReference; lastKnownFileType = wrapper.framework; name = Accounts.framework; path = System/Library/Frameworks/Accounts.framework; sourceTree = SDKROOT; };
		E749D8B81CC21C8300FAEFB5 /* CoreLocation.framework */ = {isa = PBXFileReference; lastKnownFileType = wrapper.framework; name = CoreLocation.framework; path = System/Library/Frameworks/CoreLocation.framework; sourceTree = SDKROOT; };
		E749D8BA1CC21C9000FAEFB5 /* StoreKit.framework */ = {isa = PBXFileReference; lastKnownFileType = wrapper.framework; name = StoreKit.framework; path = System/Library/Frameworks/StoreKit.framework; sourceTree = SDKROOT; };
		E749D8BC1CC21CB300FAEFB5 /* PrefixHeader.pch */ = {isa = PBXFileReference; lastKnownFileType = sourcecode.c.h; path = PrefixHeader.pch; sourceTree = "<group>"; };
		E749D8BD1CC21F9200FAEFB5 /* AppAPIClient.h */ = {isa = PBXFileReference; fileEncoding = 4; lastKnownFileType = sourcecode.c.h; path = AppAPIClient.h; sourceTree = "<group>"; };
		E749D8BE1CC21F9200FAEFB5 /* AppAPIClient.m */ = {isa = PBXFileReference; fileEncoding = 4; lastKnownFileType = sourcecode.c.objc; path = AppAPIClient.m; sourceTree = "<group>"; };
		E749D8BF1CC21F9200FAEFB5 /* NSData+Base64.h */ = {isa = PBXFileReference; fileEncoding = 4; lastKnownFileType = sourcecode.c.h; path = "NSData+Base64.h"; sourceTree = "<group>"; };
		E749D8C01CC21F9200FAEFB5 /* NSData+Base64.m */ = {isa = PBXFileReference; fileEncoding = 4; lastKnownFileType = sourcecode.c.objc; path = "NSData+Base64.m"; sourceTree = "<group>"; };
		E749D8C11CC21F9200FAEFB5 /* NSString+Crypt.h */ = {isa = PBXFileReference; fileEncoding = 4; lastKnownFileType = sourcecode.c.h; path = "NSString+Crypt.h"; sourceTree = "<group>"; };
		E749D8C21CC21F9200FAEFB5 /* NSString+Crypt.m */ = {isa = PBXFileReference; fileEncoding = 4; lastKnownFileType = sourcecode.c.objc; path = "NSString+Crypt.m"; sourceTree = "<group>"; };
		E749D8C61CC2204800FAEFB5 /* RequestAPI.h */ = {isa = PBXFileReference; fileEncoding = 4; lastKnownFileType = sourcecode.c.h; path = RequestAPI.h; sourceTree = "<group>"; };
		E749D8C71CC2204800FAEFB5 /* RequestAPI.m */ = {isa = PBXFileReference; fileEncoding = 4; lastKnownFileType = sourcecode.c.objc; path = RequestAPI.m; sourceTree = "<group>"; };
		E749D8C91CC2249400FAEFB5 /* Openssl.framework */ = {isa = PBXFileReference; lastKnownFileType = wrapper.framework; name = Openssl.framework; path = DayLine/Openssl.framework; sourceTree = "<group>"; };
		E749D8CE1CC2258800FAEFB5 /* BasicEncodingRules.h */ = {isa = PBXFileReference; fileEncoding = 4; lastKnownFileType = sourcecode.c.h; path = BasicEncodingRules.h; sourceTree = "<group>"; };
		E749D8CF1CC2258800FAEFB5 /* BasicEncodingRules.m */ = {isa = PBXFileReference; fileEncoding = 4; lastKnownFileType = sourcecode.c.objc; path = BasicEncodingRules.m; sourceTree = "<group>"; };
		E7760CB91CC9C9EE008C7005 /* Banner.h */ = {isa = PBXFileReference; fileEncoding = 4; lastKnownFileType = sourcecode.c.h; path = Banner.h; sourceTree = "<group>"; };
		E7760CBA1CC9C9EE008C7005 /* Banner.m */ = {isa = PBXFileReference; fileEncoding = 4; lastKnownFileType = sourcecode.c.objc; path = Banner.m; sourceTree = "<group>"; };
		E7760CBB1CC9C9EE008C7005 /* Timer.h */ = {isa = PBXFileReference; fileEncoding = 4; lastKnownFileType = sourcecode.c.h; path = Timer.h; sourceTree = "<group>"; };
		E7760CBC1CC9C9EE008C7005 /* Timer.m */ = {isa = PBXFileReference; fileEncoding = 4; lastKnownFileType = sourcecode.c.objc; path = Timer.m; sourceTree = "<group>"; };
		E7760CBF1CCA3DEB008C7005 /* ActivityObject.h */ = {isa = PBXFileReference; fileEncoding = 4; lastKnownFileType = sourcecode.c.h; path = ActivityObject.h; sourceTree = "<group>"; };
		E7760CC01CCA3DEB008C7005 /* ActivityObject.m */ = {isa = PBXFileReference; fileEncoding = 4; lastKnownFileType = sourcecode.c.objc; path = ActivityObject.m; sourceTree = "<group>"; };
		E7A16BE51CCDFA8B005034ED /* UIKit.framework */ = {isa = PBXFileReference; lastKnownFileType = wrapper.framework; name = UIKit.framework; path = System/Library/Frameworks/UIKit.framework; sourceTree = SDKROOT; };
		FD118F2B4D80F2FAF51A92F5 /* libPods.a */ = {isa = PBXFileReference; explicitFileType = archive.ar; includeInIndex = 0; path = libPods.a; sourceTree = BUILT_PRODUCTS_DIR; };
/* End PBXFileReference section */

/* Begin PBXFrameworksBuildPhase section */
		E749D8611CC20F5000FAEFB5 /* Frameworks */ = {
			isa = PBXFrameworksBuildPhase;
			buildActionMask = 2147483647;
			files = (
				E7A16BE61CCDFA8B005034ED /* UIKit.framework in Frameworks */,
				E749D8CA1CC2249400FAEFB5 /* Openssl.framework in Frameworks */,
				E749D8BB1CC21C9000FAEFB5 /* StoreKit.framework in Frameworks */,
				E749D8B91CC21C8300FAEFB5 /* CoreLocation.framework in Frameworks */,
				E749D8B71CC21C7000FAEFB5 /* Accounts.framework in Frameworks */,
				E749D8B51CC21C5F00FAEFB5 /* Social.framework in Frameworks */,
				E749D8B31CC21C4C00FAEFB5 /* libsqlite3.tbd in Frameworks */,
				E749D8B11CC21C3500FAEFB5 /* SystemConfiguration.framework in Frameworks */,
				E749D8AF1CC21C2900FAEFB5 /* AudioToolbox.framework in Frameworks */,
				E749D8AD1CC21C0300FAEFB5 /* Parse.framework in Frameworks */,
				E749D8AB1CC21BF300FAEFB5 /* Bolts.framework in Frameworks */,
				7DC925805AF00D7796E6EF82 /* libPods.a in Frameworks */,
			);
			runOnlyForDeploymentPostprocessing = 0;
		};
		E749D87D1CC20F5100FAEFB5 /* Frameworks */ = {
			isa = PBXFrameworksBuildPhase;
			buildActionMask = 2147483647;
			files = (
			);
			runOnlyForDeploymentPostprocessing = 0;
		};
		E749D8881CC20F5100FAEFB5 /* Frameworks */ = {
			isa = PBXFrameworksBuildPhase;
			buildActionMask = 2147483647;
			files = (
			);
			runOnlyForDeploymentPostprocessing = 0;
		};
/* End PBXFrameworksBuildPhase section */

/* Begin PBXGroup section */
		B49EBED4F9DC6E8CCC1AFE8E /* Frameworks */ = {
			isa = PBXGroup;
			children = (
				E7A16BE51CCDFA8B005034ED /* UIKit.framework */,
				E749D8C91CC2249400FAEFB5 /* Openssl.framework */,
				E749D8BA1CC21C9000FAEFB5 /* StoreKit.framework */,
				E749D8B81CC21C8300FAEFB5 /* CoreLocation.framework */,
				E749D8B61CC21C7000FAEFB5 /* Accounts.framework */,
				E749D8B41CC21C5F00FAEFB5 /* Social.framework */,
				E749D8B21CC21C4C00FAEFB5 /* libsqlite3.tbd */,
				E749D8B01CC21C3500FAEFB5 /* SystemConfiguration.framework */,
				E749D8AE1CC21C2900FAEFB5 /* AudioToolbox.framework */,
				E749D8AC1CC21C0300FAEFB5 /* Parse.framework */,
				E749D8AA1CC21BF300FAEFB5 /* Bolts.framework */,
				FD118F2B4D80F2FAF51A92F5 /* libPods.a */,
			);
			name = Frameworks;
			sourceTree = "<group>";
		};
		D31F52A31CC648E6001F993F /* Nav */ = {
			isa = PBXGroup;
			children = (
				D31F52911CC5C9EA001F993F /* TableViewCell.h */,
				D31F52921CC5C9EA001F993F /* TableViewCell.m */,
				E749D86D1CC20F5000FAEFB5 /* ViewController.h */,
				E749D86E1CC20F5000FAEFB5 /* ViewController.m */,
				D31F52971CC5CEA0001F993F /* SigninViewController.h */,
				D31F52981CC5CEA0001F993F /* SigninViewController.m */,
				D31F529A1CC5CEC7001F993F /* registerViewController.h */,
				D31F529B1CC5CEC7001F993F /* registerViewController.m */,
				D38DEE7B1CCA2BA500B46E96 /* dynamicTableViewCell.h */,
				D38DEE7C1CCA2BA500B46E96 /* dynamicTableViewCell.m */,
				D387E9891CCB64C700C44E8B /* MywaresTableViewCell.h */,
				D387E98A1CCB64C700C44E8B /* MywaresTableViewCell.m */,
				D389EAA81CCEF7B80029EEE7 /* PersonalTableViewCell.h */,
				D389EAA91CCEF7B80029EEE7 /* PersonalTableViewCell.m */,
			);
			name = Nav;
			sourceTree = "<group>";
		};
		DA5659411518E9D10E109621 /* Pods */ = {
			isa = PBXGroup;
			children = (
				AED356881DDBA86B7BC809CD /* Pods.debug.xcconfig */,
				56DA5F47ED637FF2B86F03CF /* Pods.release.xcconfig */,
			);
			name = Pods;
			sourceTree = "<group>";
		};
		E749D85B1CC20F5000FAEFB5 = {
			isa = PBXGroup;
			children = (
				E749D8661CC20F5000FAEFB5 /* DayLine */,
				E749D8831CC20F5100FAEFB5 /* DayLineTests */,
				E749D88E1CC20F5100FAEFB5 /* DayLineUITests */,
				E749D8651CC20F5000FAEFB5 /* Products */,
				DA5659411518E9D10E109621 /* Pods */,
				B49EBED4F9DC6E8CCC1AFE8E /* Frameworks */,
			);
			sourceTree = "<group>";
		};
		E749D8651CC20F5000FAEFB5 /* Products */ = {
			isa = PBXGroup;
			children = (
				E749D8641CC20F5000FAEFB5 /* DayLine.app */,
				E749D8801CC20F5100FAEFB5 /* DayLineTests.xctest */,
				E749D88B1CC20F5100FAEFB5 /* DayLineUITests.xctest */,
			);
			name = Products;
			sourceTree = "<group>";
		};
		E749D8661CC20F5000FAEFB5 /* DayLine */ = {
			isa = PBXGroup;
			children = (
				E749D89E1CC21A2D00FAEFB5 /* Utilities */,
				E749D8A21CC21A7900FAEFB5 /* Controller */,
				E749D8A11CC21A6300FAEFB5 /* View */,
				E749D8A01CC21A4F00FAEFB5 /* Model */,
				E749D89F1CC21A4000FAEFB5 /* Constant */,
				E749D89D1CC219ED00FAEFB5 /* 3rd */,
				E749D8671CC20F5000FAEFB5 /* Supporting Files */,
			);
			path = DayLine;
			sourceTree = "<group>";
		};
		E749D8671CC20F5000FAEFB5 /* Supporting Files */ = {
			isa = PBXGroup;
			children = (
				E749D86A1CC20F5000FAEFB5 /* AppDelegate.h */,
				E749D86B1CC20F5000FAEFB5 /* AppDelegate.m */,
				E749D87B1CC20F5000FAEFB5 /* Info.plist */,
				E749D8681CC20F5000FAEFB5 /* main.m */,
				E749D8731CC20F5000FAEFB5 /* DayLine.xcdatamodeld */,
				E749D8BC1CC21CB300FAEFB5 /* PrefixHeader.pch */,
			);
			name = "Supporting Files";
			sourceTree = "<group>";
		};
		E749D8831CC20F5100FAEFB5 /* DayLineTests */ = {
			isa = PBXGroup;
			children = (
				E749D8841CC20F5100FAEFB5 /* DayLineTests.m */,
				E749D8861CC20F5100FAEFB5 /* Info.plist */,
			);
			path = DayLineTests;
			sourceTree = "<group>";
		};
		E749D88E1CC20F5100FAEFB5 /* DayLineUITests */ = {
			isa = PBXGroup;
			children = (
				E749D88F1CC20F5100FAEFB5 /* DayLineUITests.m */,
				E749D8911CC20F5100FAEFB5 /* Info.plist */,
			);
			path = DayLineUITests;
			sourceTree = "<group>";
		};
		E749D89D1CC219ED00FAEFB5 /* 3rd */ = {
			isa = PBXGroup;
			children = (
				E749D8CD1CC2256F00FAEFB5 /* SCZ-BasicEncodingRules */,
			);
			name = 3rd;
			sourceTree = "<group>";
		};
		E749D89E1CC21A2D00FAEFB5 /* Utilities */ = {
			isa = PBXGroup;
			children = (
				E749D8BD1CC21F9200FAEFB5 /* AppAPIClient.h */,
				E749D8BE1CC21F9200FAEFB5 /* AppAPIClient.m */,
				E749D8BF1CC21F9200FAEFB5 /* NSData+Base64.h */,
				E749D8C01CC21F9200FAEFB5 /* NSData+Base64.m */,
				E749D8C11CC21F9200FAEFB5 /* NSString+Crypt.h */,
				E749D8C21CC21F9200FAEFB5 /* NSString+Crypt.m */,
				E749D8A31CC21ACB00FAEFB5 /* StorageMgr.h */,
				E749D8A41CC21ACB00FAEFB5 /* StorageMgr.m */,
				E749D8A51CC21ACB00FAEFB5 /* Utilities.h */,
				E749D8A61CC21ACB00FAEFB5 /* Utilities.m */,
				E749D8C61CC2204800FAEFB5 /* RequestAPI.h */,
				E749D8C71CC2204800FAEFB5 /* RequestAPI.m */,
				E7760CB91CC9C9EE008C7005 /* Banner.h */,
				E7760CBA1CC9C9EE008C7005 /* Banner.m */,
				E7760CBB1CC9C9EE008C7005 /* Timer.h */,
				E7760CBC1CC9C9EE008C7005 /* Timer.m */,
				E7760CBF1CCA3DEB008C7005 /* ActivityObject.h */,
				E7760CC01CCA3DEB008C7005 /* ActivityObject.m */,
			);
			name = Utilities;
			sourceTree = "<group>";
		};
		E749D89F1CC21A4000FAEFB5 /* Constant */ = {
			isa = PBXGroup;
			children = (
				E749D8A91CC21B4000FAEFB5 /* Constants.h */,
			);
			name = Constant;
			sourceTree = "<group>";
		};
		E749D8A01CC21A4F00FAEFB5 /* Model */ = {
			isa = PBXGroup;
			children = (
			);
			name = Model;
			sourceTree = "<group>";
		};
		E749D8A11CC21A6300FAEFB5 /* View */ = {
			isa = PBXGroup;
			children = (
				E749D8701CC20F5000FAEFB5 /* Main.storyboard */,
				E749D8761CC20F5000FAEFB5 /* Assets.xcassets */,
				E749D8781CC20F5000FAEFB5 /* LaunchScreen.storyboard */,
			);
			name = View;
			sourceTree = "<group>";
		};
		E749D8A21CC21A7900FAEFB5 /* Controller */ = {
			isa = PBXGroup;
			children = (
				D31F52A31CC648E6001F993F /* Nav */,
				D31F528E1CC5C984001F993F /* TableViewController.h */,
				D31F528F1CC5C984001F993F /* TableViewController.m */,
				D31F52A01CC63FDC001F993F /* PostViewController.h */,
				D31F52A11CC63FDC001F993F /* PostViewController.m */,
				D387E9861CCB640900C44E8B /* MywaresTableViewController.h */,
				D387E9871CCB640900C44E8B /* MywaresTableViewController.m */,
				D387E98C1CCB664400C44E8B /* MypointsViewController.h */,
				D387E98D1CCB664400C44E8B /* MypointsViewController.m */,
				D366716F1CCCAD160099F080 /* PublishViewController.h */,
				D36671701CCCAD160099F080 /* PublishViewController.m */,
				D308A2721CCDFEAB002D512F /* LeftViewController.h */,
				D308A2731CCDFEAB002D512F /* LeftViewController.m */,
<<<<<<< HEAD
=======
				D389EAA51CCEF7520029EEE7 /* PersonalViewController.h */,
				D389EAA61CCEF7520029EEE7 /* PersonalViewController.m */,
				D389EAAB1CCF14E70029EEE7 /* ShoppingViewController.h */,
				D389EAAC1CCF14E70029EEE7 /* ShoppingViewController.m */,
>>>>>>> 84b7e1e0fbbfe886c537cb33d16bc09540f968a2
			);
			name = Controller;
			sourceTree = "<group>";
		};
		E749D8CD1CC2256F00FAEFB5 /* SCZ-BasicEncodingRules */ = {
			isa = PBXGroup;
			children = (
				E749D8CE1CC2258800FAEFB5 /* BasicEncodingRules.h */,
				E749D8CF1CC2258800FAEFB5 /* BasicEncodingRules.m */,
			);
			name = "SCZ-BasicEncodingRules";
			sourceTree = "<group>";
		};
/* End PBXGroup section */

/* Begin PBXNativeTarget section */
		E749D8631CC20F5000FAEFB5 /* DayLine */ = {
			isa = PBXNativeTarget;
			buildConfigurationList = E749D8941CC20F5100FAEFB5 /* Build configuration list for PBXNativeTarget "DayLine" */;
			buildPhases = (
				2E7F338D098917E035050A0B /* Check Pods Manifest.lock */,
				E749D8601CC20F5000FAEFB5 /* Sources */,
				E749D8611CC20F5000FAEFB5 /* Frameworks */,
				E749D8621CC20F5000FAEFB5 /* Resources */,
				361A5E62F0A475B790E9D978 /* Embed Pods Frameworks */,
				3ECD402ED12EF61433C5C254 /* Copy Pods Resources */,
			);
			buildRules = (
			);
			dependencies = (
			);
			name = DayLine;
			productName = DayLine;
			productReference = E749D8641CC20F5000FAEFB5 /* DayLine.app */;
			productType = "com.apple.product-type.application";
		};
		E749D87F1CC20F5100FAEFB5 /* DayLineTests */ = {
			isa = PBXNativeTarget;
			buildConfigurationList = E749D8971CC20F5100FAEFB5 /* Build configuration list for PBXNativeTarget "DayLineTests" */;
			buildPhases = (
				E749D87C1CC20F5100FAEFB5 /* Sources */,
				E749D87D1CC20F5100FAEFB5 /* Frameworks */,
				E749D87E1CC20F5100FAEFB5 /* Resources */,
			);
			buildRules = (
			);
			dependencies = (
				E749D8821CC20F5100FAEFB5 /* PBXTargetDependency */,
			);
			name = DayLineTests;
			productName = DayLineTests;
			productReference = E749D8801CC20F5100FAEFB5 /* DayLineTests.xctest */;
			productType = "com.apple.product-type.bundle.unit-test";
		};
		E749D88A1CC20F5100FAEFB5 /* DayLineUITests */ = {
			isa = PBXNativeTarget;
			buildConfigurationList = E749D89A1CC20F5100FAEFB5 /* Build configuration list for PBXNativeTarget "DayLineUITests" */;
			buildPhases = (
				E749D8871CC20F5100FAEFB5 /* Sources */,
				E749D8881CC20F5100FAEFB5 /* Frameworks */,
				E749D8891CC20F5100FAEFB5 /* Resources */,
			);
			buildRules = (
			);
			dependencies = (
				E749D88D1CC20F5100FAEFB5 /* PBXTargetDependency */,
			);
			name = DayLineUITests;
			productName = DayLineUITests;
			productReference = E749D88B1CC20F5100FAEFB5 /* DayLineUITests.xctest */;
			productType = "com.apple.product-type.bundle.ui-testing";
		};
/* End PBXNativeTarget section */

/* Begin PBXProject section */
		E749D85C1CC20F5000FAEFB5 /* Project object */ = {
			isa = PBXProject;
			attributes = {
				LastUpgradeCheck = 0730;
				ORGANIZATIONNAME = TianXingJian;
				TargetAttributes = {
					E749D8631CC20F5000FAEFB5 = {
						CreatedOnToolsVersion = 7.3;
					};
					E749D87F1CC20F5100FAEFB5 = {
						CreatedOnToolsVersion = 7.3;
						TestTargetID = E749D8631CC20F5000FAEFB5;
					};
					E749D88A1CC20F5100FAEFB5 = {
						CreatedOnToolsVersion = 7.3;
						TestTargetID = E749D8631CC20F5000FAEFB5;
					};
				};
			};
			buildConfigurationList = E749D85F1CC20F5000FAEFB5 /* Build configuration list for PBXProject "DayLine" */;
			compatibilityVersion = "Xcode 3.2";
			developmentRegion = English;
			hasScannedForEncodings = 0;
			knownRegions = (
				en,
				Base,
			);
			mainGroup = E749D85B1CC20F5000FAEFB5;
			productRefGroup = E749D8651CC20F5000FAEFB5 /* Products */;
			projectDirPath = "";
			projectRoot = "";
			targets = (
				E749D8631CC20F5000FAEFB5 /* DayLine */,
				E749D87F1CC20F5100FAEFB5 /* DayLineTests */,
				E749D88A1CC20F5100FAEFB5 /* DayLineUITests */,
			);
		};
/* End PBXProject section */

/* Begin PBXResourcesBuildPhase section */
		E749D8621CC20F5000FAEFB5 /* Resources */ = {
			isa = PBXResourcesBuildPhase;
			buildActionMask = 2147483647;
			files = (
				E749D87A1CC20F5000FAEFB5 /* LaunchScreen.storyboard in Resources */,
				E749D8771CC20F5000FAEFB5 /* Assets.xcassets in Resources */,
				E749D8721CC20F5000FAEFB5 /* Main.storyboard in Resources */,
			);
			runOnlyForDeploymentPostprocessing = 0;
		};
		E749D87E1CC20F5100FAEFB5 /* Resources */ = {
			isa = PBXResourcesBuildPhase;
			buildActionMask = 2147483647;
			files = (
			);
			runOnlyForDeploymentPostprocessing = 0;
		};
		E749D8891CC20F5100FAEFB5 /* Resources */ = {
			isa = PBXResourcesBuildPhase;
			buildActionMask = 2147483647;
			files = (
			);
			runOnlyForDeploymentPostprocessing = 0;
		};
/* End PBXResourcesBuildPhase section */

/* Begin PBXShellScriptBuildPhase section */
		2E7F338D098917E035050A0B /* Check Pods Manifest.lock */ = {
			isa = PBXShellScriptBuildPhase;
			buildActionMask = 2147483647;
			files = (
			);
			inputPaths = (
			);
			name = "Check Pods Manifest.lock";
			outputPaths = (
			);
			runOnlyForDeploymentPostprocessing = 0;
			shellPath = /bin/sh;
			shellScript = "diff \"${PODS_ROOT}/../Podfile.lock\" \"${PODS_ROOT}/Manifest.lock\" > /dev/null\nif [[ $? != 0 ]] ; then\n    cat << EOM\nerror: The sandbox is not in sync with the Podfile.lock. Run 'pod install' or update your CocoaPods installation.\nEOM\n    exit 1\nfi\n";
			showEnvVarsInLog = 0;
		};
		361A5E62F0A475B790E9D978 /* Embed Pods Frameworks */ = {
			isa = PBXShellScriptBuildPhase;
			buildActionMask = 2147483647;
			files = (
			);
			inputPaths = (
			);
			name = "Embed Pods Frameworks";
			outputPaths = (
			);
			runOnlyForDeploymentPostprocessing = 0;
			shellPath = /bin/sh;
			shellScript = "\"${SRCROOT}/Pods/Target Support Files/Pods/Pods-frameworks.sh\"\n";
			showEnvVarsInLog = 0;
		};
		3ECD402ED12EF61433C5C254 /* Copy Pods Resources */ = {
			isa = PBXShellScriptBuildPhase;
			buildActionMask = 2147483647;
			files = (
			);
			inputPaths = (
			);
			name = "Copy Pods Resources";
			outputPaths = (
			);
			runOnlyForDeploymentPostprocessing = 0;
			shellPath = /bin/sh;
			shellScript = "\"${SRCROOT}/Pods/Target Support Files/Pods/Pods-resources.sh\"\n";
			showEnvVarsInLog = 0;
		};
/* End PBXShellScriptBuildPhase section */

/* Begin PBXSourcesBuildPhase section */
		E749D8601CC20F5000FAEFB5 /* Sources */ = {
			isa = PBXSourcesBuildPhase;
			buildActionMask = 2147483647;
			files = (
				D31F52991CC5CEA0001F993F /* SigninViewController.m in Sources */,
				E749D8C81CC2204800FAEFB5 /* RequestAPI.m in Sources */,
				E749D8A81CC21ACB00FAEFB5 /* Utilities.m in Sources */,
				D31F529C1CC5CEC7001F993F /* registerViewController.m in Sources */,
				E749D8D01CC2258800FAEFB5 /* BasicEncodingRules.m in Sources */,
				E749D8C51CC21F9200FAEFB5 /* NSString+Crypt.m in Sources */,
				D36671711CCCAD160099F080 /* PublishViewController.m in Sources */,
				D31F52901CC5C984001F993F /* TableViewController.m in Sources */,
				D389EAA71CCEF7520029EEE7 /* PersonalViewController.m in Sources */,
				E7760CBD1CC9C9EE008C7005 /* Banner.m in Sources */,
				E749D86F1CC20F5000FAEFB5 /* ViewController.m in Sources */,
				E749D8C31CC21F9200FAEFB5 /* AppAPIClient.m in Sources */,
				D308A2741CCDFEAB002D512F /* LeftViewController.m in Sources */,
				E7760CBE1CC9C9EE008C7005 /* Timer.m in Sources */,
				E749D86C1CC20F5000FAEFB5 /* AppDelegate.m in Sources */,
				D387E98E1CCB664400C44E8B /* MypointsViewController.m in Sources */,
				D389EAAA1CCEF7B80029EEE7 /* PersonalTableViewCell.m in Sources */,
				E749D8751CC20F5000FAEFB5 /* DayLine.xcdatamodeld in Sources */,
				E749D8C41CC21F9200FAEFB5 /* NSData+Base64.m in Sources */,
				D387E98B1CCB64C700C44E8B /* MywaresTableViewCell.m in Sources */,
				E749D8691CC20F5000FAEFB5 /* main.m in Sources */,
				D387E9881CCB640900C44E8B /* MywaresTableViewController.m in Sources */,
				D389EAAD1CCF14E70029EEE7 /* ShoppingViewController.m in Sources */,
				E749D8A71CC21ACB00FAEFB5 /* StorageMgr.m in Sources */,
				D38DEE7D1CCA2BA500B46E96 /* dynamicTableViewCell.m in Sources */,
				D31F52931CC5C9EA001F993F /* TableViewCell.m in Sources */,
				D31F52A21CC63FDC001F993F /* PostViewController.m in Sources */,
				E7760CC11CCA3DEB008C7005 /* ActivityObject.m in Sources */,
			);
			runOnlyForDeploymentPostprocessing = 0;
		};
		E749D87C1CC20F5100FAEFB5 /* Sources */ = {
			isa = PBXSourcesBuildPhase;
			buildActionMask = 2147483647;
			files = (
				E749D8851CC20F5100FAEFB5 /* DayLineTests.m in Sources */,
			);
			runOnlyForDeploymentPostprocessing = 0;
		};
		E749D8871CC20F5100FAEFB5 /* Sources */ = {
			isa = PBXSourcesBuildPhase;
			buildActionMask = 2147483647;
			files = (
				E749D8901CC20F5100FAEFB5 /* DayLineUITests.m in Sources */,
			);
			runOnlyForDeploymentPostprocessing = 0;
		};
/* End PBXSourcesBuildPhase section */

/* Begin PBXTargetDependency section */
		E749D8821CC20F5100FAEFB5 /* PBXTargetDependency */ = {
			isa = PBXTargetDependency;
			target = E749D8631CC20F5000FAEFB5 /* DayLine */;
			targetProxy = E749D8811CC20F5100FAEFB5 /* PBXContainerItemProxy */;
		};
		E749D88D1CC20F5100FAEFB5 /* PBXTargetDependency */ = {
			isa = PBXTargetDependency;
			target = E749D8631CC20F5000FAEFB5 /* DayLine */;
			targetProxy = E749D88C1CC20F5100FAEFB5 /* PBXContainerItemProxy */;
		};
/* End PBXTargetDependency section */

/* Begin PBXVariantGroup section */
		E749D8701CC20F5000FAEFB5 /* Main.storyboard */ = {
			isa = PBXVariantGroup;
			children = (
				E749D8711CC20F5000FAEFB5 /* Base */,
			);
			name = Main.storyboard;
			sourceTree = "<group>";
		};
		E749D8781CC20F5000FAEFB5 /* LaunchScreen.storyboard */ = {
			isa = PBXVariantGroup;
			children = (
				E749D8791CC20F5000FAEFB5 /* Base */,
			);
			name = LaunchScreen.storyboard;
			sourceTree = "<group>";
		};
/* End PBXVariantGroup section */

/* Begin XCBuildConfiguration section */
		E749D8921CC20F5100FAEFB5 /* Debug */ = {
			isa = XCBuildConfiguration;
			buildSettings = {
				ALWAYS_SEARCH_USER_PATHS = NO;
				CLANG_ANALYZER_NONNULL = YES;
				CLANG_CXX_LANGUAGE_STANDARD = "gnu++0x";
				CLANG_CXX_LIBRARY = "libc++";
				CLANG_ENABLE_MODULES = YES;
				CLANG_ENABLE_OBJC_ARC = YES;
				CLANG_WARN_BOOL_CONVERSION = YES;
				CLANG_WARN_CONSTANT_CONVERSION = YES;
				CLANG_WARN_DIRECT_OBJC_ISA_USAGE = YES_ERROR;
				CLANG_WARN_EMPTY_BODY = YES;
				CLANG_WARN_ENUM_CONVERSION = YES;
				CLANG_WARN_INT_CONVERSION = YES;
				CLANG_WARN_OBJC_ROOT_CLASS = YES_ERROR;
				CLANG_WARN_UNREACHABLE_CODE = YES;
				CLANG_WARN__DUPLICATE_METHOD_MATCH = YES;
				"CODE_SIGN_IDENTITY[sdk=iphoneos*]" = "iPhone Developer";
				COPY_PHASE_STRIP = NO;
				DEBUG_INFORMATION_FORMAT = dwarf;
				ENABLE_STRICT_OBJC_MSGSEND = YES;
				ENABLE_TESTABILITY = YES;
				GCC_C_LANGUAGE_STANDARD = gnu99;
				GCC_DYNAMIC_NO_PIC = NO;
				GCC_NO_COMMON_BLOCKS = YES;
				GCC_OPTIMIZATION_LEVEL = 0;
				GCC_PREPROCESSOR_DEFINITIONS = (
					"DEBUG=1",
					"$(inherited)",
				);
				GCC_WARN_64_TO_32_BIT_CONVERSION = YES;
				GCC_WARN_ABOUT_RETURN_TYPE = YES_ERROR;
				GCC_WARN_UNDECLARED_SELECTOR = YES;
				GCC_WARN_UNINITIALIZED_AUTOS = YES_AGGRESSIVE;
				GCC_WARN_UNUSED_FUNCTION = YES;
				GCC_WARN_UNUSED_VARIABLE = YES;
				IPHONEOS_DEPLOYMENT_TARGET = 9.3;
				MTL_ENABLE_DEBUG_INFO = YES;
				ONLY_ACTIVE_ARCH = YES;
				SDKROOT = iphoneos;
			};
			name = Debug;
		};
		E749D8931CC20F5100FAEFB5 /* Release */ = {
			isa = XCBuildConfiguration;
			buildSettings = {
				ALWAYS_SEARCH_USER_PATHS = NO;
				CLANG_ANALYZER_NONNULL = YES;
				CLANG_CXX_LANGUAGE_STANDARD = "gnu++0x";
				CLANG_CXX_LIBRARY = "libc++";
				CLANG_ENABLE_MODULES = YES;
				CLANG_ENABLE_OBJC_ARC = YES;
				CLANG_WARN_BOOL_CONVERSION = YES;
				CLANG_WARN_CONSTANT_CONVERSION = YES;
				CLANG_WARN_DIRECT_OBJC_ISA_USAGE = YES_ERROR;
				CLANG_WARN_EMPTY_BODY = YES;
				CLANG_WARN_ENUM_CONVERSION = YES;
				CLANG_WARN_INT_CONVERSION = YES;
				CLANG_WARN_OBJC_ROOT_CLASS = YES_ERROR;
				CLANG_WARN_UNREACHABLE_CODE = YES;
				CLANG_WARN__DUPLICATE_METHOD_MATCH = YES;
				"CODE_SIGN_IDENTITY[sdk=iphoneos*]" = "iPhone Developer";
				COPY_PHASE_STRIP = NO;
				DEBUG_INFORMATION_FORMAT = "dwarf-with-dsym";
				ENABLE_NS_ASSERTIONS = NO;
				ENABLE_STRICT_OBJC_MSGSEND = YES;
				GCC_C_LANGUAGE_STANDARD = gnu99;
				GCC_NO_COMMON_BLOCKS = YES;
				GCC_WARN_64_TO_32_BIT_CONVERSION = YES;
				GCC_WARN_ABOUT_RETURN_TYPE = YES_ERROR;
				GCC_WARN_UNDECLARED_SELECTOR = YES;
				GCC_WARN_UNINITIALIZED_AUTOS = YES_AGGRESSIVE;
				GCC_WARN_UNUSED_FUNCTION = YES;
				GCC_WARN_UNUSED_VARIABLE = YES;
				IPHONEOS_DEPLOYMENT_TARGET = 9.3;
				MTL_ENABLE_DEBUG_INFO = NO;
				SDKROOT = iphoneos;
				VALIDATE_PRODUCT = YES;
			};
			name = Release;
		};
		E749D8951CC20F5100FAEFB5 /* Debug */ = {
			isa = XCBuildConfiguration;
			baseConfigurationReference = AED356881DDBA86B7BC809CD /* Pods.debug.xcconfig */;
			buildSettings = {
				ASSETCATALOG_COMPILER_APPICON_NAME = AppIcon;
				FRAMEWORK_SEARCH_PATHS = (
					"$(inherited)",
					"$(PROJECT_DIR)/DayLine",
				);
				GCC_PRECOMPILE_PREFIX_HEADER = YES;
				GCC_PREFIX_HEADER = DayLine/PrefixHeader.pch;
				INFOPLIST_FILE = DayLine/Info.plist;
				IPHONEOS_DEPLOYMENT_TARGET = 9.0;
				LD_RUNPATH_SEARCH_PATHS = "$(inherited) @executable_path/Frameworks";
				PRODUCT_BUNDLE_IDENTIFIER = txj.DayLine;
				PRODUCT_NAME = "$(TARGET_NAME)";
			};
			name = Debug;
		};
		E749D8961CC20F5100FAEFB5 /* Release */ = {
			isa = XCBuildConfiguration;
			baseConfigurationReference = 56DA5F47ED637FF2B86F03CF /* Pods.release.xcconfig */;
			buildSettings = {
				ASSETCATALOG_COMPILER_APPICON_NAME = AppIcon;
				FRAMEWORK_SEARCH_PATHS = (
					"$(inherited)",
					"$(PROJECT_DIR)/DayLine",
				);
				GCC_PRECOMPILE_PREFIX_HEADER = YES;
				GCC_PREFIX_HEADER = DayLine/PrefixHeader.pch;
				INFOPLIST_FILE = DayLine/Info.plist;
				IPHONEOS_DEPLOYMENT_TARGET = 9.0;
				LD_RUNPATH_SEARCH_PATHS = "$(inherited) @executable_path/Frameworks";
				PRODUCT_BUNDLE_IDENTIFIER = txj.DayLine;
				PRODUCT_NAME = "$(TARGET_NAME)";
			};
			name = Release;
		};
		E749D8981CC20F5100FAEFB5 /* Debug */ = {
			isa = XCBuildConfiguration;
			buildSettings = {
				BUNDLE_LOADER = "$(TEST_HOST)";
				INFOPLIST_FILE = DayLineTests/Info.plist;
				LD_RUNPATH_SEARCH_PATHS = "$(inherited) @executable_path/Frameworks @loader_path/Frameworks";
				PRODUCT_BUNDLE_IDENTIFIER = txj.DayLineTests;
				PRODUCT_NAME = "$(TARGET_NAME)";
				TEST_HOST = "$(BUILT_PRODUCTS_DIR)/DayLine.app/DayLine";
			};
			name = Debug;
		};
		E749D8991CC20F5100FAEFB5 /* Release */ = {
			isa = XCBuildConfiguration;
			buildSettings = {
				BUNDLE_LOADER = "$(TEST_HOST)";
				INFOPLIST_FILE = DayLineTests/Info.plist;
				LD_RUNPATH_SEARCH_PATHS = "$(inherited) @executable_path/Frameworks @loader_path/Frameworks";
				PRODUCT_BUNDLE_IDENTIFIER = txj.DayLineTests;
				PRODUCT_NAME = "$(TARGET_NAME)";
				TEST_HOST = "$(BUILT_PRODUCTS_DIR)/DayLine.app/DayLine";
			};
			name = Release;
		};
		E749D89B1CC20F5100FAEFB5 /* Debug */ = {
			isa = XCBuildConfiguration;
			buildSettings = {
				INFOPLIST_FILE = DayLineUITests/Info.plist;
				LD_RUNPATH_SEARCH_PATHS = "$(inherited) @executable_path/Frameworks @loader_path/Frameworks";
				PRODUCT_BUNDLE_IDENTIFIER = txj.DayLineUITests;
				PRODUCT_NAME = "$(TARGET_NAME)";
				TEST_TARGET_NAME = DayLine;
			};
			name = Debug;
		};
		E749D89C1CC20F5100FAEFB5 /* Release */ = {
			isa = XCBuildConfiguration;
			buildSettings = {
				INFOPLIST_FILE = DayLineUITests/Info.plist;
				LD_RUNPATH_SEARCH_PATHS = "$(inherited) @executable_path/Frameworks @loader_path/Frameworks";
				PRODUCT_BUNDLE_IDENTIFIER = txj.DayLineUITests;
				PRODUCT_NAME = "$(TARGET_NAME)";
				TEST_TARGET_NAME = DayLine;
			};
			name = Release;
		};
/* End XCBuildConfiguration section */

/* Begin XCConfigurationList section */
		E749D85F1CC20F5000FAEFB5 /* Build configuration list for PBXProject "DayLine" */ = {
			isa = XCConfigurationList;
			buildConfigurations = (
				E749D8921CC20F5100FAEFB5 /* Debug */,
				E749D8931CC20F5100FAEFB5 /* Release */,
			);
			defaultConfigurationIsVisible = 0;
			defaultConfigurationName = Release;
		};
		E749D8941CC20F5100FAEFB5 /* Build configuration list for PBXNativeTarget "DayLine" */ = {
			isa = XCConfigurationList;
			buildConfigurations = (
				E749D8951CC20F5100FAEFB5 /* Debug */,
				E749D8961CC20F5100FAEFB5 /* Release */,
			);
			defaultConfigurationIsVisible = 0;
			defaultConfigurationName = Release;
		};
		E749D8971CC20F5100FAEFB5 /* Build configuration list for PBXNativeTarget "DayLineTests" */ = {
			isa = XCConfigurationList;
			buildConfigurations = (
				E749D8981CC20F5100FAEFB5 /* Debug */,
				E749D8991CC20F5100FAEFB5 /* Release */,
			);
			defaultConfigurationIsVisible = 0;
			defaultConfigurationName = Release;
		};
		E749D89A1CC20F5100FAEFB5 /* Build configuration list for PBXNativeTarget "DayLineUITests" */ = {
			isa = XCConfigurationList;
			buildConfigurations = (
				E749D89B1CC20F5100FAEFB5 /* Debug */,
				E749D89C1CC20F5100FAEFB5 /* Release */,
			);
			defaultConfigurationIsVisible = 0;
			defaultConfigurationName = Release;
		};
/* End XCConfigurationList section */

/* Begin XCVersionGroup section */
		E749D8731CC20F5000FAEFB5 /* DayLine.xcdatamodeld */ = {
			isa = XCVersionGroup;
			children = (
				E749D8741CC20F5000FAEFB5 /* DayLine.xcdatamodel */,
			);
			currentVersion = E749D8741CC20F5000FAEFB5 /* DayLine.xcdatamodel */;
			path = DayLine.xcdatamodeld;
			sourceTree = "<group>";
			versionGroupType = wrapper.xcdatamodel;
		};
/* End XCVersionGroup section */
	};
	rootObject = E749D85C1CC20F5000FAEFB5 /* Project object */;
}
